
Microsoft Visual Studio Solution File, Format Version 12.00
# Visual Studio Version 16
VisualStudioVersion = 16.0.31624.102
MinimumVisualStudioVersion = 10.0.40219.1
Project("{9A19103F-16F7-4668-BE54-9A1E7A4F7556}") = "Ejercicios_Cap4y5", "Ejercicios_Cap4y5.csproj", "{BECA6415-5F64-4E5A-82E3-39E6239CF49E}"
EndProject
Global
	GlobalSection(SolutionConfigurationPlatforms) = preSolution
		Debug|Any CPU = Debug|Any CPU
		Release|Any CPU = Release|Any CPU
	EndGlobalSection
	GlobalSection(ProjectConfigurationPlatforms) = postSolution
		{BECA6415-5F64-4E5A-82E3-39E6239CF49E}.Debug|Any CPU.ActiveCfg = Debug|Any CPU
		{BECA6415-5F64-4E5A-82E3-39E6239CF49E}.Debug|Any CPU.Build.0 = Debug|Any CPU
		{BECA6415-5F64-4E5A-82E3-39E6239CF49E}.Release|Any CPU.ActiveCfg = Release|Any CPU
		{BECA6415-5F64-4E5A-82E3-39E6239CF49E}.Release|Any CPU.Build.0 = Release|Any CPU
	EndGlobalSection
	GlobalSection(SolutionProperties) = preSolution
		HideSolutionNode = FALSE
	EndGlobalSection
	GlobalSection(ExtensibilityGlobals) = postSolution
		SolutionGuid = {881D57D9-2CA4-4589-B823-1B7D7D0D7C71}
	EndGlobalSection
EndGlobal
